
Microsoft Visual Studio Solution File, Format Version 12.00
# Visual Studio Version 16
VisualStudioVersion = 16.0.30717.126
MinimumVisualStudioVersion = 10.0.40219.1
Project("{9A19103F-16F7-4668-BE54-9A1E7A4F7556}") = "Anketa", "Anketa.csproj", "{0063D060-4885-442B-90E3-2EA52357C9BC}"
EndProject
Project("{2150E333-8FDC-42A3-9474-1A3956D46DE8}") = "Solution Items", "Solution Items", "{16412049-9875-4227-A45C-5DE901C28B45}"
EndProject
Project("{FAE04EC0-301F-11D3-BF4B-00C04F79EFBC}") = "IMT", "..\IMT\IMT.csproj", "{BF38907E-8D9B-45A0-9451-6F2CC173B966}"
EndProject
Project("{FAE04EC0-301F-11D3-BF4B-00C04F79EFBC}") = "Swap", "..\Swap\Swap.csproj", "{FED568AE-E1F3-49D0-8990-CB9B7E3086BD}"
EndProject
Global
	GlobalSection(SolutionConfigurationPlatforms) = preSolution
		Debug|Any CPU = Debug|Any CPU
		Release|Any CPU = Release|Any CPU
	EndGlobalSection
	GlobalSection(ProjectConfigurationPlatforms) = postSolution
		{0063D060-4885-442B-90E3-2EA52357C9BC}.Debug|Any CPU.ActiveCfg = Debug|Any CPU
		{0063D060-4885-442B-90E3-2EA52357C9BC}.Debug|Any CPU.Build.0 = Debug|Any CPU
		{0063D060-4885-442B-90E3-2EA52357C9BC}.Release|Any CPU.ActiveCfg = Release|Any CPU
		{0063D060-4885-442B-90E3-2EA52357C9BC}.Release|Any CPU.Build.0 = Release|Any CPU
		{BF38907E-8D9B-45A0-9451-6F2CC173B966}.Debug|Any CPU.ActiveCfg = Debug|Any CPU
		{BF38907E-8D9B-45A0-9451-6F2CC173B966}.Debug|Any CPU.Build.0 = Debug|Any CPU
		{BF38907E-8D9B-45A0-9451-6F2CC173B966}.Release|Any CPU.ActiveCfg = Release|Any CPU
		{BF38907E-8D9B-45A0-9451-6F2CC173B966}.Release|Any CPU.Build.0 = Release|Any CPU
		{FED568AE-E1F3-49D0-8990-CB9B7E3086BD}.Debug|Any CPU.ActiveCfg = Debug|Any CPU
		{FED568AE-E1F3-49D0-8990-CB9B7E3086BD}.Debug|Any CPU.Build.0 = Debug|Any CPU
		{FED568AE-E1F3-49D0-8990-CB9B7E3086BD}.Release|Any CPU.ActiveCfg = Release|Any CPU
		{FED568AE-E1F3-49D0-8990-CB9B7E3086BD}.Release|Any CPU.Build.0 = Release|Any CPU
	EndGlobalSection
	GlobalSection(SolutionProperties) = preSolution
		HideSolutionNode = FALSE
	EndGlobalSection
	GlobalSection(ExtensibilityGlobals) = postSolution
		SolutionGuid = {CE1E9DB2-E9D1-4D63-9696-D1469C743917}
	EndGlobalSection
EndGlobal
